// !$*UTF8*$!
{
	archiveVersion = 1;
	classes = {
	};
	objectVersion = 46;
	objects = {

/* Begin PBXBuildFile section */
		615C63951C16DC5600FD4082 /* BModel.m in Sources */ = {isa = PBXBuildFile; fileRef = 615C63941C16DC5600FD4082 /* BModel.m */; };
		615C63981C16DC7500FD4082 /* BUntil.m in Sources */ = {isa = PBXBuildFile; fileRef = 615C63971C16DC7500FD4082 /* BUntil.m */; };
		615C639B1C16DCD400FD4082 /* BHttpActionMgr.m in Sources */ = {isa = PBXBuildFile; fileRef = 615C639A1C16DCD400FD4082 /* BHttpActionMgr.m */; };
		615C639E1C16DCE400FD4082 /* BResponeResult.m in Sources */ = {isa = PBXBuildFile; fileRef = 615C639D1C16DCE400FD4082 /* BResponeResult.m */; };
		615C63A21C16DD1700FD4082 /* BActionBase.m in Sources */ = {isa = PBXBuildFile; fileRef = 615C63A11C16DD1700FD4082 /* BActionBase.m */; };
		61B28B7D1C165EA6009731FE /* main.m in Sources */ = {isa = PBXBuildFile; fileRef = 61B28B7C1C165EA6009731FE /* main.m */; };
		61B28B801C165EA6009731FE /* AppDelegate.m in Sources */ = {isa = PBXBuildFile; fileRef = 61B28B7F1C165EA6009731FE /* AppDelegate.m */; };
		61B28B831C165EA6009731FE /* ViewController.m in Sources */ = {isa = PBXBuildFile; fileRef = 61B28B821C165EA6009731FE /* ViewController.m */; };
		61B28B861C165EA6009731FE /* Main.storyboard in Resources */ = {isa = PBXBuildFile; fileRef = 61B28B841C165EA6009731FE /* Main.storyboard */; };
		61B28B881C165EA6009731FE /* Assets.xcassets in Resources */ = {isa = PBXBuildFile; fileRef = 61B28B871C165EA6009731FE /* Assets.xcassets */; };
		61B28B8B1C165EA6009731FE /* LaunchScreen.storyboard in Resources */ = {isa = PBXBuildFile; fileRef = 61B28B891C165EA6009731FE /* LaunchScreen.storyboard */; };
		A23AB41730D7622E432E8C30 /* libPods.a in Frameworks */ = {isa = PBXBuildFile; fileRef = C5B244B8D7CF7FC87B279E78 /* libPods.a */; };
/* End PBXBuildFile section */

/* Begin PBXFileReference section */
		615C63931C16DC5600FD4082 /* BModel.h */ = {isa = PBXFileReference; fileEncoding = 4; lastKnownFileType = sourcecode.c.h; path = BModel.h; sourceTree = "<group>"; };
		615C63941C16DC5600FD4082 /* BModel.m */ = {isa = PBXFileReference; fileEncoding = 4; lastKnownFileType = sourcecode.c.objc; path = BModel.m; sourceTree = "<group>"; };
		615C63961C16DC7500FD4082 /* BUntil.h */ = {isa = PBXFileReference; fileEncoding = 4; lastKnownFileType = sourcecode.c.h; path = BUntil.h; sourceTree = "<group>"; };
		615C63971C16DC7500FD4082 /* BUntil.m */ = {isa = PBXFileReference; fileEncoding = 4; lastKnownFileType = sourcecode.c.objc; path = BUntil.m; sourceTree = "<group>"; };
		615C63991C16DCD400FD4082 /* BHttpActionMgr.h */ = {isa = PBXFileReference; fileEncoding = 4; lastKnownFileType = sourcecode.c.h; path = BHttpActionMgr.h; sourceTree = "<group>"; };
		615C639A1C16DCD400FD4082 /* BHttpActionMgr.m */ = {isa = PBXFileReference; fileEncoding = 4; lastKnownFileType = sourcecode.c.objc; path = BHttpActionMgr.m; sourceTree = "<group>"; };
		615C639C1C16DCE400FD4082 /* BResponeResult.h */ = {isa = PBXFileReference; fileEncoding = 4; lastKnownFileType = sourcecode.c.h; path = BResponeResult.h; sourceTree = "<group>"; };
		615C639D1C16DCE400FD4082 /* BResponeResult.m */ = {isa = PBXFileReference; fileEncoding = 4; lastKnownFileType = sourcecode.c.objc; path = BResponeResult.m; sourceTree = "<group>"; };
		615C63A01C16DD1700FD4082 /* BActionBase.h */ = {isa = PBXFileReference; fileEncoding = 4; lastKnownFileType = sourcecode.c.h; path = BActionBase.h; sourceTree = "<group>"; };
		615C63A11C16DD1700FD4082 /* BActionBase.m */ = {isa = PBXFileReference; fileEncoding = 4; lastKnownFileType = sourcecode.c.objc; path = BActionBase.m; sourceTree = "<group>"; };
		61B28B781C165EA6009731FE /* Box.app */ = {isa = PBXFileReference; explicitFileType = wrapper.application; includeInIndex = 0; path = Box.app; sourceTree = BUILT_PRODUCTS_DIR; };
		61B28B7C1C165EA6009731FE /* main.m */ = {isa = PBXFileReference; lastKnownFileType = sourcecode.c.objc; path = main.m; sourceTree = "<group>"; };
		61B28B7E1C165EA6009731FE /* AppDelegate.h */ = {isa = PBXFileReference; lastKnownFileType = sourcecode.c.h; path = AppDelegate.h; sourceTree = "<group>"; };
		61B28B7F1C165EA6009731FE /* AppDelegate.m */ = {isa = PBXFileReference; lastKnownFileType = sourcecode.c.objc; path = AppDelegate.m; sourceTree = "<group>"; };
		61B28B811C165EA6009731FE /* ViewController.h */ = {isa = PBXFileReference; lastKnownFileType = sourcecode.c.h; path = ViewController.h; sourceTree = "<group>"; };
		61B28B821C165EA6009731FE /* ViewController.m */ = {isa = PBXFileReference; lastKnownFileType = sourcecode.c.objc; path = ViewController.m; sourceTree = "<group>"; };
		61B28B851C165EA6009731FE /* Base */ = {isa = PBXFileReference; lastKnownFileType = file.storyboard; name = Base; path = Base.lproj/Main.storyboard; sourceTree = "<group>"; };
		61B28B871C165EA6009731FE /* Assets.xcassets */ = {isa = PBXFileReference; lastKnownFileType = folder.assetcatalog; path = Assets.xcassets; sourceTree = "<group>"; };
		61B28B8A1C165EA6009731FE /* Base */ = {isa = PBXFileReference; lastKnownFileType = file.storyboard; name = Base; path = Base.lproj/LaunchScreen.storyboard; sourceTree = "<group>"; };
		61B28B8C1C165EA6009731FE /* Info.plist */ = {isa = PBXFileReference; lastKnownFileType = text.plist.xml; path = Info.plist; sourceTree = "<group>"; };
		61B28B931C1662A5009731FE /* Box.pch */ = {isa = PBXFileReference; fileEncoding = 4; lastKnownFileType = sourcecode.c.h; path = Box.pch; sourceTree = "<group>"; };
		A9C80705F4D1FA262F3B80E5 /* Pods.release.xcconfig */ = {isa = PBXFileReference; includeInIndex = 1; lastKnownFileType = text.xcconfig; name = Pods.release.xcconfig; path = "Pods/Target Support Files/Pods/Pods.release.xcconfig"; sourceTree = "<group>"; };
		BA44CC5CA4F887541AA8DD8A /* Pods.debug.xcconfig */ = {isa = PBXFileReference; includeInIndex = 1; lastKnownFileType = text.xcconfig; name = Pods.debug.xcconfig; path = "Pods/Target Support Files/Pods/Pods.debug.xcconfig"; sourceTree = "<group>"; };
		C5B244B8D7CF7FC87B279E78 /* libPods.a */ = {isa = PBXFileReference; explicitFileType = archive.ar; includeInIndex = 0; path = libPods.a; sourceTree = BUILT_PRODUCTS_DIR; };
/* End PBXFileReference section */

/* Begin PBXFrameworksBuildPhase section */
		61B28B751C165EA6009731FE /* Frameworks */ = {
			isa = PBXFrameworksBuildPhase;
			buildActionMask = 2147483647;
			files = (
				A23AB41730D7622E432E8C30 /* libPods.a in Frameworks */,
			);
			runOnlyForDeploymentPostprocessing = 0;
		};
/* End PBXFrameworksBuildPhase section */

/* Begin PBXGroup section */
		615C638A1C16DBA800FD4082 /* Classes */ = {
			isa = PBXGroup;
			children = (
				615C638B1C16DBA800FD4082 /* Controllers */,
				615C638C1C16DBA800FD4082 /* Global */,
				615C638D1C16DBA800FD4082 /* Model */,
				615C638E1C16DBA800FD4082 /* Service */,
				615C638F1C16DBA800FD4082 /* Views */,
			);
			path = Classes;
			sourceTree = "<group>";
		};
		615C638B1C16DBA800FD4082 /* Controllers */ = {
			isa = PBXGroup;
			children = (
			);
			path = Controllers;
			sourceTree = "<group>";
		};
		615C638C1C16DBA800FD4082 /* Global */ = {
			isa = PBXGroup;
			children = (
				615C63961C16DC7500FD4082 /* BUntil.h */,
				615C63971C16DC7500FD4082 /* BUntil.m */,
			);
			path = Global;
			sourceTree = "<group>";
		};
		615C638D1C16DBA800FD4082 /* Model */ = {
			isa = PBXGroup;
			children = (
				615C63931C16DC5600FD4082 /* BModel.h */,
				615C63941C16DC5600FD4082 /* BModel.m */,
			);
			path = Model;
			sourceTree = "<group>";
		};
		615C638E1C16DBA800FD4082 /* Service */ = {
			isa = PBXGroup;
			children = (
				615C639F1C16DCFF00FD4082 /* Actions */,
				615C63991C16DCD400FD4082 /* BHttpActionMgr.h */,
				615C639A1C16DCD400FD4082 /* BHttpActionMgr.m */,
				615C639C1C16DCE400FD4082 /* BResponeResult.h */,
				615C639D1C16DCE400FD4082 /* BResponeResult.m */,
			);
			path = Service;
			sourceTree = "<group>";
		};
		615C638F1C16DBA800FD4082 /* Views */ = {
			isa = PBXGroup;
			children = (
			);
			path = Views;
			sourceTree = "<group>";
		};
		615C63901C16DBB300FD4082 /* Resources */ = {
			isa = PBXGroup;
			children = (
				615C63911C16DBE100FD4082 /* bg */,
				615C63921C16DBE100FD4082 /* icon */,
			);
			path = Resources;
			sourceTree = "<group>";
		};
		615C63911C16DBE100FD4082 /* bg */ = {
			isa = PBXGroup;
			children = (
			);
			path = bg;
			sourceTree = "<group>";
		};
		615C63921C16DBE100FD4082 /* icon */ = {
			isa = PBXGroup;
			children = (
			);
			path = icon;
			sourceTree = "<group>";
		};
		615C639F1C16DCFF00FD4082 /* Actions */ = {
			isa = PBXGroup;
			children = (
				615C63A01C16DD1700FD4082 /* BActionBase.h */,
				615C63A11C16DD1700FD4082 /* BActionBase.m */,
			);
			path = Actions;
			sourceTree = "<group>";
		};
		61B28B6F1C165EA6009731FE = {
			isa = PBXGroup;
			children = (
				61B28B7A1C165EA6009731FE /* Box */,
				61B28B791C165EA6009731FE /* Products */,
				D770324F6D45E73D3576AE0A /* Pods */,
				C7A7CED3701A9DA0446C2C6D /* Frameworks */,
			);
			sourceTree = "<group>";
		};
		61B28B791C165EA6009731FE /* Products */ = {
			isa = PBXGroup;
			children = (
				61B28B781C165EA6009731FE /* Box.app */,
			);
			name = Products;
			sourceTree = "<group>";
		};
		61B28B7A1C165EA6009731FE /* Box */ = {
			isa = PBXGroup;
			children = (
				615C63901C16DBB300FD4082 /* Resources */,
				615C638A1C16DBA800FD4082 /* Classes */,
				61B28B7E1C165EA6009731FE /* AppDelegate.h */,
				61B28B7F1C165EA6009731FE /* AppDelegate.m */,
				61B28B811C165EA6009731FE /* ViewController.h */,
				61B28B821C165EA6009731FE /* ViewController.m */,
				61B28B931C1662A5009731FE /* Box.pch */,
				61B28B841C165EA6009731FE /* Main.storyboard */,
				61B28B871C165EA6009731FE /* Assets.xcassets */,
				61B28B891C165EA6009731FE /* LaunchScreen.storyboard */,
				61B28B8C1C165EA6009731FE /* Info.plist */,
				61B28B7B1C165EA6009731FE /* Supporting Files */,
			);
			path = Box;
			sourceTree = "<group>";
		};
		61B28B7B1C165EA6009731FE /* Supporting Files */ = {
			isa = PBXGroup;
			children = (
				61B28B7C1C165EA6009731FE /* main.m */,
			);
			name = "Supporting Files";
			sourceTree = "<group>";
		};
		C7A7CED3701A9DA0446C2C6D /* Frameworks */ = {
			isa = PBXGroup;
			children = (
				C5B244B8D7CF7FC87B279E78 /* libPods.a */,
			);
			name = Frameworks;
			sourceTree = "<group>";
		};
		D770324F6D45E73D3576AE0A /* Pods */ = {
			isa = PBXGroup;
			children = (
				BA44CC5CA4F887541AA8DD8A /* Pods.debug.xcconfig */,
				A9C80705F4D1FA262F3B80E5 /* Pods.release.xcconfig */,
			);
			name = Pods;
			sourceTree = "<group>";
		};
/* End PBXGroup section */

/* Begin PBXNativeTarget section */
		61B28B771C165EA6009731FE /* Box */ = {
			isa = PBXNativeTarget;
			buildConfigurationList = 61B28B8F1C165EA6009731FE /* Build configuration list for PBXNativeTarget "Box" */;
			buildPhases = (
				0C2F6A0F43CB3A5420DA4FAB /* Check Pods Manifest.lock */,
				61B28B741C165EA6009731FE /* Sources */,
				61B28B751C165EA6009731FE /* Frameworks */,
				61B28B761C165EA6009731FE /* Resources */,
				6D0B6CB78F8BEFECDE0FAE52 /* Copy Pods Resources */,
			);
			buildRules = (
			);
			dependencies = (
			);
			name = Box;
			productName = Box;
			productReference = 61B28B781C165EA6009731FE /* Box.app */;
			productType = "com.apple.product-type.application";
		};
/* End PBXNativeTarget section */

/* Begin PBXProject section */
		61B28B701C165EA6009731FE /* Project object */ = {
			isa = PBXProject;
			attributes = {
				CLASSPREFIX = B;
				LastUpgradeCheck = 0710;
				ORGANIZATIONNAME = lk;
				TargetAttributes = {
					61B28B771C165EA6009731FE = {
						CreatedOnToolsVersion = 7.1.1;
					};
				};
			};
			buildConfigurationList = 61B28B731C165EA6009731FE /* Build configuration list for PBXProject "Box" */;
			compatibilityVersion = "Xcode 3.2";
			developmentRegion = English;
			hasScannedForEncodings = 0;
			knownRegions = (
				en,
				Base,
			);
			mainGroup = 61B28B6F1C165EA6009731FE;
			productRefGroup = 61B28B791C165EA6009731FE /* Products */;
			projectDirPath = "";
			projectRoot = "";
			targets = (
				61B28B771C165EA6009731FE /* Box */,
			);
		};
/* End PBXProject section */

/* Begin PBXResourcesBuildPhase section */
		61B28B761C165EA6009731FE /* Resources */ = {
			isa = PBXResourcesBuildPhase;
			buildActionMask = 2147483647;
			files = (
				61B28B8B1C165EA6009731FE /* LaunchScreen.storyboard in Resources */,
				61B28B881C165EA6009731FE /* Assets.xcassets in Resources */,
				61B28B861C165EA6009731FE /* Main.storyboard in Resources */,
			);
			runOnlyForDeploymentPostprocessing = 0;
		};
/* End PBXResourcesBuildPhase section */

/* Begin PBXShellScriptBuildPhase section */
		0C2F6A0F43CB3A5420DA4FAB /* Check Pods Manifest.lock */ = {
			isa = PBXShellScriptBuildPhase;
			buildActionMask = 2147483647;
			files = (
			);
			inputPaths = (
			);
			name = "Check Pods Manifest.lock";
			outputPaths = (
			);
			runOnlyForDeploymentPostprocessing = 0;
			shellPath = /bin/sh;
			shellScript = "diff \"${PODS_ROOT}/../Podfile.lock\" \"${PODS_ROOT}/Manifest.lock\" > /dev/null\nif [[ $? != 0 ]] ; then\n    cat << EOM\nerror: The sandbox is not in sync with the Podfile.lock. Run 'pod install' or update your CocoaPods installation.\nEOM\n    exit 1\nfi\n";
			showEnvVarsInLog = 0;
		};
		6D0B6CB78F8BEFECDE0FAE52 /* Copy Pods Resources */ = {
			isa = PBXShellScriptBuildPhase;
			buildActionMask = 2147483647;
			files = (
			);
			inputPaths = (
			);
			name = "Copy Pods Resources";
			outputPaths = (
			);
			runOnlyForDeploymentPostprocessing = 0;
			shellPath = /bin/sh;
			shellScript = "\"${SRCROOT}/Pods/Target Support Files/Pods/Pods-resources.sh\"\n";
			showEnvVarsInLog = 0;
		};
/* End PBXShellScriptBuildPhase section */

/* Begin PBXSourcesBuildPhase section */
		61B28B741C165EA6009731FE /* Sources */ = {
			isa = PBXSourcesBuildPhase;
			buildActionMask = 2147483647;
			files = (
				615C63981C16DC7500FD4082 /* BUntil.m in Sources */,
				615C639B1C16DCD400FD4082 /* BHttpActionMgr.m in Sources */,
				61B28B831C165EA6009731FE /* ViewController.m in Sources */,
				615C63A21C16DD1700FD4082 /* BActionBase.m in Sources */,
				61B28B801C165EA6009731FE /* AppDelegate.m in Sources */,
				615C639E1C16DCE400FD4082 /* BResponeResult.m in Sources */,
				615C63951C16DC5600FD4082 /* BModel.m in Sources */,
				61B28B7D1C165EA6009731FE /* main.m in Sources */,
			);
			runOnlyForDeploymentPostprocessing = 0;
		};
/* End PBXSourcesBuildPhase section */

/* Begin PBXVariantGroup section */
		61B28B841C165EA6009731FE /* Main.storyboard */ = {
			isa = PBXVariantGroup;
			children = (
				61B28B851C165EA6009731FE /* Base */,
			);
			name = Main.storyboard;
			sourceTree = "<group>";
		};
		61B28B891C165EA6009731FE /* LaunchScreen.storyboard */ = {
			isa = PBXVariantGroup;
			children = (
				61B28B8A1C165EA6009731FE /* Base */,
			);
			name = LaunchScreen.storyboard;
			sourceTree = "<group>";
		};
/* End PBXVariantGroup section */

/* Begin XCBuildConfiguration section */
		61B28B8D1C165EA6009731FE /* Debug */ = {
			isa = XCBuildConfiguration;
			buildSettings = {
				ALWAYS_SEARCH_USER_PATHS = NO;
				CLANG_CXX_LANGUAGE_STANDARD = "gnu++0x";
				CLANG_CXX_LIBRARY = "libc++";
				CLANG_ENABLE_MODULES = YES;
				CLANG_ENABLE_OBJC_ARC = YES;
				CLANG_WARN_BOOL_CONVERSION = YES;
				CLANG_WARN_CONSTANT_CONVERSION = YES;
				CLANG_WARN_DIRECT_OBJC_ISA_USAGE = YES_ERROR;
				CLANG_WARN_EMPTY_BODY = YES;
				CLANG_WARN_ENUM_CONVERSION = YES;
				CLANG_WARN_INT_CONVERSION = YES;
				CLANG_WARN_OBJC_ROOT_CLASS = YES_ERROR;
				CLANG_WARN_UNREACHABLE_CODE = YES;
				CLANG_WARN__DUPLICATE_METHOD_MATCH = YES;
				"CODE_SIGN_IDENTITY[sdk=iphoneos*]" = "iPhone Developer";
				COPY_PHASE_STRIP = NO;
				DEBUG_INFORMATION_FORMAT = dwarf;
				ENABLE_STRICT_OBJC_MSGSEND = YES;
				ENABLE_TESTABILITY = YES;
				GCC_C_LANGUAGE_STANDARD = gnu99;
				GCC_DYNAMIC_NO_PIC = NO;
				GCC_NO_COMMON_BLOCKS = YES;
				GCC_OPTIMIZATION_LEVEL = 0;
				GCC_PREPROCESSOR_DEFINITIONS = (
					"DEBUG=1",
					"$(inherited)",
				);
				GCC_WARN_64_TO_32_BIT_CONVERSION = YES;
				GCC_WARN_ABOUT_RETURN_TYPE = YES_ERROR;
				GCC_WARN_UNDECLARED_SELECTOR = YES;
				GCC_WARN_UNINITIALIZED_AUTOS = YES_AGGRESSIVE;
				GCC_WARN_UNUSED_FUNCTION = YES;
				GCC_WARN_UNUSED_VARIABLE = YES;
				IPHONEOS_DEPLOYMENT_TARGET = 9.1;
				MTL_ENABLE_DEBUG_INFO = YES;
				ONLY_ACTIVE_ARCH = YES;
				SDKROOT = iphoneos;
			};
			name = Debug;
		};
		61B28B8E1C165EA6009731FE /* Release */ = {
			isa = XCBuildConfiguration;
			buildSettings = {
				ALWAYS_SEARCH_USER_PATHS = NO;
				CLANG_CXX_LANGUAGE_STANDARD = "gnu++0x";
				CLANG_CXX_LIBRARY = "libc++";
				CLANG_ENABLE_MODULES = YES;
				CLANG_ENABLE_OBJC_ARC = YES;
				CLANG_WARN_BOOL_CONVERSION = YES;
				CLANG_WARN_CONSTANT_CONVERSION = YES;
				CLANG_WARN_DIRECT_OBJC_ISA_USAGE = YES_ERROR;
				CLANG_WARN_EMPTY_BODY = YES;
				CLANG_WARN_ENUM_CONVERSION = YES;
				CLANG_WARN_INT_CONVERSION = YES;
				CLANG_WARN_OBJC_ROOT_CLASS = YES_ERROR;
				CLANG_WARN_UNREACHABLE_CODE = YES;
				CLANG_WARN__DUPLICATE_METHOD_MATCH = YES;
				"CODE_SIGN_IDENTITY[sdk=iphoneos*]" = "iPhone Developer";
				COPY_PHASE_STRIP = NO;
				DEBUG_INFORMATION_FORMAT = "dwarf-with-dsym";
				ENABLE_NS_ASSERTIONS = NO;
				ENABLE_STRICT_OBJC_MSGSEND = YES;
				GCC_C_LANGUAGE_STANDARD = gnu99;
				GCC_NO_COMMON_BLOCKS = YES;
				GCC_WARN_64_TO_32_BIT_CONVERSION = YES;
				GCC_WARN_ABOUT_RETURN_TYPE = YES_ERROR;
				GCC_WARN_UNDECLARED_SELECTOR = YES;
				GCC_WARN_UNINITIALIZED_AUTOS = YES_AGGRESSIVE;
				GCC_WARN_UNUSED_FUNCTION = YES;
				GCC_WARN_UNUSED_VARIABLE = YES;
				IPHONEOS_DEPLOYMENT_TARGET = 9.1;
				MTL_ENABLE_DEBUG_INFO = NO;
				SDKROOT = iphoneos;
				VALIDATE_PRODUCT = YES;
			};
			name = Release;
		};
		61B28B901C165EA6009731FE /* Debug */ = {
			isa = XCBuildConfiguration;
			baseConfigurationReference = BA44CC5CA4F887541AA8DD8A /* Pods.debug.xcconfig */;
			buildSettings = {
				ASSETCATALOG_COMPILER_APPICON_NAME = AppIcon;
				GCC_PREFIX_HEADER = Box/Box.pch;
				INFOPLIST_FILE = Box/Info.plist;
				LD_RUNPATH_SEARCH_PATHS = "$(inherited) @executable_path/Frameworks";
				PRODUCT_BUNDLE_IDENTIFIER = com.lk.com.Box;
				PRODUCT_NAME = "$(TARGET_NAME)";
			};
			name = Debug;
		};
		61B28B911C165EA6009731FE /* Release */ = {
			isa = XCBuildConfiguration;
			baseConfigurationReference = A9C80705F4D1FA262F3B80E5 /* Pods.release.xcconfig */;
			buildSettings = {
				ASSETCATALOG_COMPILER_APPICON_NAME = AppIcon;
				GCC_PREFIX_HEADER = Box/Box.pch;
				INFOPLIST_FILE = Box/Info.plist;
				LD_RUNPATH_SEARCH_PATHS = "$(inherited) @executable_path/Frameworks";
				PRODUCT_BUNDLE_IDENTIFIER = com.lk.com.Box;
				PRODUCT_NAME = "$(TARGET_NAME)";
			};
			name = Release;
		};
/* End XCBuildConfiguration section */

/* Begin XCConfigurationList section */
		61B28B731C165EA6009731FE /* Build configuration list for PBXProject "Box" */ = {
			isa = XCConfigurationList;
			buildConfigurations = (
				61B28B8D1C165EA6009731FE /* Debug */,
				61B28B8E1C165EA6009731FE /* Release */,
			);
			defaultConfigurationIsVisible = 0;
			defaultConfigurationName = Release;
		};
		61B28B8F1C165EA6009731FE /* Build configuration list for PBXNativeTarget "Box" */ = {
			isa = XCConfigurationList;
			buildConfigurations = (
				61B28B901C165EA6009731FE /* Debug */,
				61B28B911C165EA6009731FE /* Release */,
			);
			defaultConfigurationIsVisible = 0;
			defaultConfigurationName = Release;
		};
/* End XCConfigurationList section */
	};
	rootObject = 61B28B701C165EA6009731FE /* Project object */;
}
